
Microsoft Visual Studio Solution File, Format Version 12.00
# Visual Studio Version 16
VisualStudioVersion = 16.0.31613.86
MinimumVisualStudioVersion = 10.0.40219.1
Project("{FAE04EC0-301F-11D3-BF4B-00C04F79EFBC}") = "VariablePractice", "VariablePractice\VariablePractice.csproj", "{9A2B43D0-1C8D-49C3-A729-7E97C7613734}"
EndProject
Global
	GlobalSection(SolutionConfigurationPlatforms) = preSolution
		Debug|Any CPU = Debug|Any CPU
		Release|Any CPU = Release|Any CPU
	EndGlobalSection
	GlobalSection(ProjectConfigurationPlatforms) = postSolution
		{9A2B43D0-1C8D-49C3-A729-7E97C7613734}.Debug|Any CPU.ActiveCfg = Debug|Any CPU
		{9A2B43D0-1C8D-49C3-A729-7E97C7613734}.Debug|Any CPU.Build.0 = Debug|Any CPU
		{9A2B43D0-1C8D-49C3-A729-7E97C7613734}.Release|Any CPU.ActiveCfg = Release|Any CPU
		{9A2B43D0-1C8D-49C3-A729-7E97C7613734}.Release|Any CPU.Build.0 = Release|Any CPU
	EndGlobalSection
	GlobalSection(SolutionProperties) = preSolution
		HideSolutionNode = FALSE
	EndGlobalSection
	GlobalSection(ExtensibilityGlobals) = postSolution
		SolutionGuid = {6EEE3061-B796-4B0E-A46B-01198A1A26B0}
	EndGlobalSection
EndGlobal
