
Microsoft Visual Studio Solution File, Format Version 12.00
# Visual Studio Version 16
VisualStudioVersion = 16.0.31613.86
MinimumVisualStudioVersion = 10.0.40219.1
Project("{FAE04EC0-301F-11D3-BF4B-00C04F79EFBC}") = "HelloWorld", "HelloWorld\HelloWorld.csproj", "{2051C2E8-6115-43AB-8D96-2FAC01ABD3F2}"
EndProject
Global
	GlobalSection(SolutionConfigurationPlatforms) = preSolution
		Debug|Any CPU = Debug|Any CPU
		Release|Any CPU = Release|Any CPU
	EndGlobalSection
	GlobalSection(ProjectConfigurationPlatforms) = postSolution
		{2051C2E8-6115-43AB-8D96-2FAC01ABD3F2}.Debug|Any CPU.ActiveCfg = Debug|Any CPU
		{2051C2E8-6115-43AB-8D96-2FAC01ABD3F2}.Debug|Any CPU.Build.0 = Debug|Any CPU
		{2051C2E8-6115-43AB-8D96-2FAC01ABD3F2}.Release|Any CPU.ActiveCfg = Release|Any CPU
		{2051C2E8-6115-43AB-8D96-2FAC01ABD3F2}.Release|Any CPU.Build.0 = Release|Any CPU
	EndGlobalSection
	GlobalSection(SolutionProperties) = preSolution
		HideSolutionNode = FALSE
	EndGlobalSection
	GlobalSection(ExtensibilityGlobals) = postSolution
		SolutionGuid = {7E115570-3ECA-434C-8B8A-59A09F981648}
	EndGlobalSection
EndGlobal
